
Microsoft Visual Studio Solution File, Format Version 12.00
# Visual Studio Version 17
VisualStudioVersion = 17.1.32210.238
MinimumVisualStudioVersion = 10.0.40219.1
Project("{FAE04EC0-301F-11D3-BF4B-00C04F79EFBC}") = "CustomComponent", "CustomComponent.csproj", "{64D9A845-6CD4-42E3-A922-F628AD4D72C4}"
EndProject
Project("{FAE04EC0-301F-11D3-BF4B-00C04F79EFBC}") = "FormTest", "..\FormTest\FormTest.csproj", "{6C88F538-18E9-4BE8-AE50-75192806B8CC}"
EndProject
Global
	GlobalSection(SolutionConfigurationPlatforms) = preSolution
		Debug|Any CPU = Debug|Any CPU
		Release|Any CPU = Release|Any CPU
	EndGlobalSection
	GlobalSection(ProjectConfigurationPlatforms) = postSolution
		{64D9A845-6CD4-42E3-A922-F628AD4D72C4}.Debug|Any CPU.ActiveCfg = Debug|Any CPU
		{64D9A845-6CD4-42E3-A922-F628AD4D72C4}.Debug|Any CPU.Build.0 = Debug|Any CPU
		{64D9A845-6CD4-42E3-A922-F628AD4D72C4}.Release|Any CPU.ActiveCfg = Release|Any CPU
		{64D9A845-6CD4-42E3-A922-F628AD4D72C4}.Release|Any CPU.Build.0 = Release|Any CPU
		{6C88F538-18E9-4BE8-AE50-75192806B8CC}.Debug|Any CPU.ActiveCfg = Debug|Any CPU
		{6C88F538-18E9-4BE8-AE50-75192806B8CC}.Debug|Any CPU.Build.0 = Debug|Any CPU
		{6C88F538-18E9-4BE8-AE50-75192806B8CC}.Release|Any CPU.ActiveCfg = Release|Any CPU
		{6C88F538-18E9-4BE8-AE50-75192806B8CC}.Release|Any CPU.Build.0 = Release|Any CPU
	EndGlobalSection
	GlobalSection(SolutionProperties) = preSolution
		HideSolutionNode = FALSE
	EndGlobalSection
	GlobalSection(ExtensibilityGlobals) = postSolution
		SolutionGuid = {F898E7B4-EAD1-433C-8936-5F6DABE79CBA}
	EndGlobalSection
EndGlobal
