
Microsoft Visual Studio Solution File, Format Version 12.00
# Visual Studio Version 17
VisualStudioVersion = 17.3.32825.248
MinimumVisualStudioVersion = 10.0.40219.1
Project("{FAE04EC0-301F-11D3-BF4B-00C04F79EFBC}") = "DesktopAppForComponents", "DesktopAppForComponents\DesktopAppForComponents.csproj", "{588C0C86-9082-4918-8085-5BF73100A061}"
EndProject
Global
	GlobalSection(SolutionConfigurationPlatforms) = preSolution
		Debug|Any CPU = Debug|Any CPU
		Release|Any CPU = Release|Any CPU
	EndGlobalSection
	GlobalSection(ProjectConfigurationPlatforms) = postSolution
		{588C0C86-9082-4918-8085-5BF73100A061}.Debug|Any CPU.ActiveCfg = Debug|Any CPU
		{588C0C86-9082-4918-8085-5BF73100A061}.Debug|Any CPU.Build.0 = Debug|Any CPU
		{588C0C86-9082-4918-8085-5BF73100A061}.Release|Any CPU.ActiveCfg = Release|Any CPU
		{588C0C86-9082-4918-8085-5BF73100A061}.Release|Any CPU.Build.0 = Release|Any CPU
	EndGlobalSection
	GlobalSection(SolutionProperties) = preSolution
		HideSolutionNode = FALSE
	EndGlobalSection
	GlobalSection(ExtensibilityGlobals) = postSolution
		SolutionGuid = {AC455180-347E-4D95-AE2C-322DD3F089E8}
	EndGlobalSection
EndGlobal
